
Microsoft Visual Studio Solution File, Format Version 12.00
# Visual Studio Version 17
VisualStudioVersion = 17.1.32328.378
MinimumVisualStudioVersion = 10.0.40219.1
Project("{FAE04EC0-301F-11D3-BF4B-00C04F79EFBC}") = "GameWordle", "GameWordle\GameWordle.csproj", "{6FC9738C-6C7B-4F02-B4B7-B141419727F3}"
EndProject
Global
	GlobalSection(SolutionConfigurationPlatforms) = preSolution
		Debug|Any CPU = Debug|Any CPU
		Release|Any CPU = Release|Any CPU
	EndGlobalSection
	GlobalSection(ProjectConfigurationPlatforms) = postSolution
		{6FC9738C-6C7B-4F02-B4B7-B141419727F3}.Debug|Any CPU.ActiveCfg = Debug|Any CPU
		{6FC9738C-6C7B-4F02-B4B7-B141419727F3}.Debug|Any CPU.Build.0 = Debug|Any CPU
		{6FC9738C-6C7B-4F02-B4B7-B141419727F3}.Release|Any CPU.ActiveCfg = Release|Any CPU
		{6FC9738C-6C7B-4F02-B4B7-B141419727F3}.Release|Any CPU.Build.0 = Release|Any CPU
	EndGlobalSection
	GlobalSection(SolutionProperties) = preSolution
		HideSolutionNode = FALSE
	EndGlobalSection
	GlobalSection(ExtensibilityGlobals) = postSolution
		SolutionGuid = {1B655D41-A6ED-4C4B-A778-F65B72B755CD}
	EndGlobalSection
EndGlobal
